// !$*UTF8*$!
{
	archiveVersion = 1;
	classes = {
	};
	objectVersion = 46;
	objects = {

/* Begin PBXBuildFile section */
		52351B641D2F469C00905997 /* FilterView.m in Sources */ = {isa = PBXBuildFile; fileRef = 52351B5F1D2F469C00905997 /* FilterView.m */; };
		52351B651D2F469C00905997 /* FilterView.xib in Resources */ = {isa = PBXBuildFile; fileRef = 52351B601D2F469C00905997 /* FilterView.xib */; };
		52351B661D2F469C00905997 /* FilterViewCell.m in Sources */ = {isa = PBXBuildFile; fileRef = 52351B621D2F469C00905997 /* FilterViewCell.m */; };
		52351B671D2F469C00905997 /* FilterViewCell.xib in Resources */ = {isa = PBXBuildFile; fileRef = 52351B631D2F469C00905997 /* FilterViewCell.xib */; };
		52351B6A1D2F46B200905997 /* UIView+BGFrame.m in Sources */ = {isa = PBXBuildFile; fileRef = 52351B691D2F46B200905997 /* UIView+BGFrame.m */; };
		52351B6F1D2F493600905997 /* down@2x.png in Resources */ = {isa = PBXBuildFile; fileRef = 52351B6B1D2F493600905997 /* down@2x.png */; };
		52351B701D2F493600905997 /* down@3x.png in Resources */ = {isa = PBXBuildFile; fileRef = 52351B6C1D2F493600905997 /* down@3x.png */; };
		52351B711D2F493600905997 /* up@2x.png in Resources */ = {isa = PBXBuildFile; fileRef = 52351B6D1D2F493600905997 /* up@2x.png */; };
		52351B721D2F493600905997 /* up@3x.png in Resources */ = {isa = PBXBuildFile; fileRef = 52351B6E1D2F493600905997 /* up@3x.png */; };
		9BFB6C901D2B580600DEF1BF /* main.m in Sources */ = {isa = PBXBuildFile; fileRef = 9BFB6C8F1D2B580600DEF1BF /* main.m */; };
		9BFB6C931D2B580600DEF1BF /* AppDelegate.m in Sources */ = {isa = PBXBuildFile; fileRef = 9BFB6C921D2B580600DEF1BF /* AppDelegate.m */; };
		9BFB6C991D2B580600DEF1BF /* Main.storyboard in Resources */ = {isa = PBXBuildFile; fileRef = 9BFB6C971D2B580600DEF1BF /* Main.storyboard */; };
		9BFB6C9B1D2B580600DEF1BF /* Assets.xcassets in Resources */ = {isa = PBXBuildFile; fileRef = 9BFB6C9A1D2B580600DEF1BF /* Assets.xcassets */; };
		9BFB6C9E1D2B580600DEF1BF /* LaunchScreen.storyboard in Resources */ = {isa = PBXBuildFile; fileRef = 9BFB6C9C1D2B580600DEF1BF /* LaunchScreen.storyboard */; };
		9BFB6CA91D2B580600DEF1BF /* rocktempTests.m in Sources */ = {isa = PBXBuildFile; fileRef = 9BFB6CA81D2B580600DEF1BF /* rocktempTests.m */; };
		9BFB6CB41D2B580600DEF1BF /* rocktempUITests.m in Sources */ = {isa = PBXBuildFile; fileRef = 9BFB6CB31D2B580600DEF1BF /* rocktempUITests.m */; };
		9BFB6CC61D2B59A500DEF1BF /* OneTableViewController.m in Sources */ = {isa = PBXBuildFile; fileRef = 9BFB6CC51D2B59A500DEF1BF /* OneTableViewController.m */; };
		9BFB6CC91D2B5ABE00DEF1BF /* UpTableViewCell.m in Sources */ = {isa = PBXBuildFile; fileRef = 9BFB6CC81D2B5ABE00DEF1BF /* UpTableViewCell.m */; };
		9BFB6CCC1D2B5AC800DEF1BF /* DownTableViewCell.m in Sources */ = {isa = PBXBuildFile; fileRef = 9BFB6CCB1D2B5AC800DEF1BF /* DownTableViewCell.m */; };
		9BFB6CD11D2B5C0E00DEF1BF /* MyeeigBuy1.png in Resources */ = {isa = PBXBuildFile; fileRef = 9BFB6CCD1D2B5C0E00DEF1BF /* MyeeigBuy1.png */; };
		9BFB6CD21D2B5C0E00DEF1BF /* MyeeigBuy2.png in Resources */ = {isa = PBXBuildFile; fileRef = 9BFB6CCE1D2B5C0E00DEF1BF /* MyeeigBuy2.png */; };
		9BFB6CD31D2B5C0E00DEF1BF /* MyeeigSell1.png in Resources */ = {isa = PBXBuildFile; fileRef = 9BFB6CCF1D2B5C0E00DEF1BF /* MyeeigSell1.png */; };
		9BFB6CD41D2B5C0E00DEF1BF /* MyeeigSell2.png in Resources */ = {isa = PBXBuildFile; fileRef = 9BFB6CD01D2B5C0E00DEF1BF /* MyeeigSell2.png */; };
		9BFB6CDE1D2B948000DEF1BF /* area.plist in Resources */ = {isa = PBXBuildFile; fileRef = 9BFB6CDC1D2B948000DEF1BF /* area.plist */; };
		9BFB6CDF1D2B948000DEF1BF /* Category.plist in Resources */ = {isa = PBXBuildFile; fileRef = 9BFB6CDD1D2B948000DEF1BF /* Category.plist */; };
		C016A5811D2E4B2800CD1807 /* InformationView.m in Sources */ = {isa = PBXBuildFile; fileRef = C016A5801D2E4B2800CD1807 /* InformationView.m */; };
		C016A5831D2E4B3B00CD1807 /* InformationView.xib in Resources */ = {isa = PBXBuildFile; fileRef = C016A5821D2E4B3B00CD1807 /* InformationView.xib */; };
/* End PBXBuildFile section */

/* Begin PBXContainerItemProxy section */
		9BFB6CA51D2B580600DEF1BF /* PBXContainerItemProxy */ = {
			isa = PBXContainerItemProxy;
			containerPortal = 9BFB6C831D2B580600DEF1BF /* Project object */;
			proxyType = 1;
			remoteGlobalIDString = 9BFB6C8A1D2B580600DEF1BF;
			remoteInfo = rocktemp;
		};
		9BFB6CB01D2B580600DEF1BF /* PBXContainerItemProxy */ = {
			isa = PBXContainerItemProxy;
			containerPortal = 9BFB6C831D2B580600DEF1BF /* Project object */;
			proxyType = 1;
			remoteGlobalIDString = 9BFB6C8A1D2B580600DEF1BF;
			remoteInfo = rocktemp;
		};
/* End PBXContainerItemProxy section */

/* Begin PBXFileReference section */
		52351B5E1D2F469C00905997 /* FilterView.h */ = {isa = PBXFileReference; fileEncoding = 4; lastKnownFileType = sourcecode.c.h; path = FilterView.h; sourceTree = "<group>"; };
		52351B5F1D2F469C00905997 /* FilterView.m */ = {isa = PBXFileReference; fileEncoding = 4; lastKnownFileType = sourcecode.c.objc; path = FilterView.m; sourceTree = "<group>"; };
		52351B601D2F469C00905997 /* FilterView.xib */ = {isa = PBXFileReference; fileEncoding = 4; lastKnownFileType = file.xib; path = FilterView.xib; sourceTree = "<group>"; };
		52351B611D2F469C00905997 /* FilterViewCell.h */ = {isa = PBXFileReference; fileEncoding = 4; lastKnownFileType = sourcecode.c.h; path = FilterViewCell.h; sourceTree = "<group>"; };
		52351B621D2F469C00905997 /* FilterViewCell.m */ = {isa = PBXFileReference; fileEncoding = 4; lastKnownFileType = sourcecode.c.objc; path = FilterViewCell.m; sourceTree = "<group>"; };
		52351B631D2F469C00905997 /* FilterViewCell.xib */ = {isa = PBXFileReference; fileEncoding = 4; lastKnownFileType = file.xib; path = FilterViewCell.xib; sourceTree = "<group>"; };
		52351B681D2F46B200905997 /* UIView+BGFrame.h */ = {isa = PBXFileReference; fileEncoding = 4; lastKnownFileType = sourcecode.c.h; path = "UIView+BGFrame.h"; sourceTree = "<group>"; };
		52351B691D2F46B200905997 /* UIView+BGFrame.m */ = {isa = PBXFileReference; fileEncoding = 4; lastKnownFileType = sourcecode.c.objc; path = "UIView+BGFrame.m"; sourceTree = "<group>"; };
		52351B6B1D2F493600905997 /* down@2x.png */ = {isa = PBXFileReference; lastKnownFileType = image.png; path = "down@2x.png"; sourceTree = "<group>"; };
		52351B6C1D2F493600905997 /* down@3x.png */ = {isa = PBXFileReference; lastKnownFileType = image.png; path = "down@3x.png"; sourceTree = "<group>"; };
		52351B6D1D2F493600905997 /* up@2x.png */ = {isa = PBXFileReference; lastKnownFileType = image.png; path = "up@2x.png"; sourceTree = "<group>"; };
		52351B6E1D2F493600905997 /* up@3x.png */ = {isa = PBXFileReference; lastKnownFileType = image.png; path = "up@3x.png"; sourceTree = "<group>"; };
		9BFB6C8B1D2B580600DEF1BF /* rocktemp.app */ = {isa = PBXFileReference; explicitFileType = wrapper.application; includeInIndex = 0; path = rocktemp.app; sourceTree = BUILT_PRODUCTS_DIR; };
		9BFB6C8F1D2B580600DEF1BF /* main.m */ = {isa = PBXFileReference; lastKnownFileType = sourcecode.c.objc; path = main.m; sourceTree = "<group>"; };
		9BFB6C911D2B580600DEF1BF /* AppDelegate.h */ = {isa = PBXFileReference; lastKnownFileType = sourcecode.c.h; path = AppDelegate.h; sourceTree = "<group>"; };
		9BFB6C921D2B580600DEF1BF /* AppDelegate.m */ = {isa = PBXFileReference; lastKnownFileType = sourcecode.c.objc; path = AppDelegate.m; sourceTree = "<group>"; };
		9BFB6C981D2B580600DEF1BF /* Base */ = {isa = PBXFileReference; lastKnownFileType = file.storyboard; name = Base; path = Base.lproj/Main.storyboard; sourceTree = "<group>"; };
		9BFB6C9A1D2B580600DEF1BF /* Assets.xcassets */ = {isa = PBXFileReference; lastKnownFileType = folder.assetcatalog; path = Assets.xcassets; sourceTree = "<group>"; };
		9BFB6C9D1D2B580600DEF1BF /* Base */ = {isa = PBXFileReference; lastKnownFileType = file.storyboard; name = Base; path = Base.lproj/LaunchScreen.storyboard; sourceTree = "<group>"; };
		9BFB6C9F1D2B580600DEF1BF /* Info.plist */ = {isa = PBXFileReference; lastKnownFileType = text.plist.xml; path = Info.plist; sourceTree = "<group>"; };
		9BFB6CA41D2B580600DEF1BF /* rocktempTests.xctest */ = {isa = PBXFileReference; explicitFileType = wrapper.cfbundle; includeInIndex = 0; path = rocktempTests.xctest; sourceTree = BUILT_PRODUCTS_DIR; };
		9BFB6CA81D2B580600DEF1BF /* rocktempTests.m */ = {isa = PBXFileReference; lastKnownFileType = sourcecode.c.objc; path = rocktempTests.m; sourceTree = "<group>"; };
		9BFB6CAA1D2B580600DEF1BF /* Info.plist */ = {isa = PBXFileReference; lastKnownFileType = text.plist.xml; path = Info.plist; sourceTree = "<group>"; };
		9BFB6CAF1D2B580600DEF1BF /* rocktempUITests.xctest */ = {isa = PBXFileReference; explicitFileType = wrapper.cfbundle; includeInIndex = 0; path = rocktempUITests.xctest; sourceTree = BUILT_PRODUCTS_DIR; };
		9BFB6CB31D2B580600DEF1BF /* rocktempUITests.m */ = {isa = PBXFileReference; lastKnownFileType = sourcecode.c.objc; path = rocktempUITests.m; sourceTree = "<group>"; };
		9BFB6CB51D2B580600DEF1BF /* Info.plist */ = {isa = PBXFileReference; lastKnownFileType = text.plist.xml; path = Info.plist; sourceTree = "<group>"; };
		9BFB6CC41D2B59A500DEF1BF /* OneTableViewController.h */ = {isa = PBXFileReference; fileEncoding = 4; lastKnownFileType = sourcecode.c.h; path = OneTableViewController.h; sourceTree = "<group>"; };
		9BFB6CC51D2B59A500DEF1BF /* OneTableViewController.m */ = {isa = PBXFileReference; fileEncoding = 4; lastKnownFileType = sourcecode.c.objc; path = OneTableViewController.m; sourceTree = "<group>"; };
		9BFB6CC71D2B5ABE00DEF1BF /* UpTableViewCell.h */ = {isa = PBXFileReference; fileEncoding = 4; lastKnownFileType = sourcecode.c.h; path = UpTableViewCell.h; sourceTree = "<group>"; };
		9BFB6CC81D2B5ABE00DEF1BF /* UpTableViewCell.m */ = {isa = PBXFileReference; fileEncoding = 4; lastKnownFileType = sourcecode.c.objc; path = UpTableViewCell.m; sourceTree = "<group>"; };
		9BFB6CCA1D2B5AC800DEF1BF /* DownTableViewCell.h */ = {isa = PBXFileReference; fileEncoding = 4; lastKnownFileType = sourcecode.c.h; path = DownTableViewCell.h; sourceTree = "<group>"; };
		9BFB6CCB1D2B5AC800DEF1BF /* DownTableViewCell.m */ = {isa = PBXFileReference; fileEncoding = 4; lastKnownFileType = sourcecode.c.objc; path = DownTableViewCell.m; sourceTree = "<group>"; };
		9BFB6CCD1D2B5C0E00DEF1BF /* MyeeigBuy1.png */ = {isa = PBXFileReference; lastKnownFileType = image.png; path = MyeeigBuy1.png; sourceTree = "<group>"; };
		9BFB6CCE1D2B5C0E00DEF1BF /* MyeeigBuy2.png */ = {isa = PBXFileReference; lastKnownFileType = image.png; path = MyeeigBuy2.png; sourceTree = "<group>"; };
		9BFB6CCF1D2B5C0E00DEF1BF /* MyeeigSell1.png */ = {isa = PBXFileReference; lastKnownFileType = image.png; path = MyeeigSell1.png; sourceTree = "<group>"; };
		9BFB6CD01D2B5C0E00DEF1BF /* MyeeigSell2.png */ = {isa = PBXFileReference; lastKnownFileType = image.png; path = MyeeigSell2.png; sourceTree = "<group>"; };
		9BFB6CDC1D2B948000DEF1BF /* area.plist */ = {isa = PBXFileReference; fileEncoding = 4; lastKnownFileType = text.plist.xml; path = area.plist; sourceTree = "<group>"; };
		9BFB6CDD1D2B948000DEF1BF /* Category.plist */ = {isa = PBXFileReference; fileEncoding = 4; lastKnownFileType = text.plist.xml; path = Category.plist; sourceTree = "<group>"; };
		C016A57F1D2E4B2800CD1807 /* InformationView.h */ = {isa = PBXFileReference; fileEncoding = 4; lastKnownFileType = sourcecode.c.h; path = InformationView.h; sourceTree = "<group>"; };
		C016A5801D2E4B2800CD1807 /* InformationView.m */ = {isa = PBXFileReference; fileEncoding = 4; lastKnownFileType = sourcecode.c.objc; path = InformationView.m; sourceTree = "<group>"; };
		C016A5821D2E4B3B00CD1807 /* InformationView.xib */ = {isa = PBXFileReference; fileEncoding = 4; lastKnownFileType = file.xib; path = InformationView.xib; sourceTree = "<group>"; };
/* End PBXFileReference section */

/* Begin PBXFrameworksBuildPhase section */
		9BFB6C881D2B580600DEF1BF /* Frameworks */ = {
			isa = PBXFrameworksBuildPhase;
			buildActionMask = 2147483647;
			files = (
			);
			runOnlyForDeploymentPostprocessing = 0;
		};
		9BFB6CA11D2B580600DEF1BF /* Frameworks */ = {
			isa = PBXFrameworksBuildPhase;
			buildActionMask = 2147483647;
			files = (
			);
			runOnlyForDeploymentPostprocessing = 0;
		};
		9BFB6CAC1D2B580600DEF1BF /* Frameworks */ = {
			isa = PBXFrameworksBuildPhase;
			buildActionMask = 2147483647;
			files = (
			);
			runOnlyForDeploymentPostprocessing = 0;
		};
/* End PBXFrameworksBuildPhase section */

/* Begin PBXGroup section */
		9BFB6C821D2B580600DEF1BF = {
			isa = PBXGroup;
			children = (
				9BFB6C8D1D2B580600DEF1BF /* rocktemp */,
				9BFB6CA71D2B580600DEF1BF /* rocktempTests */,
				9BFB6CB21D2B580600DEF1BF /* rocktempUITests */,
				9BFB6C8C1D2B580600DEF1BF /* Products */,
			);
			sourceTree = "<group>";
		};
		9BFB6C8C1D2B580600DEF1BF /* Products */ = {
			isa = PBXGroup;
			children = (
				9BFB6C8B1D2B580600DEF1BF /* rocktemp.app */,
				9BFB6CA41D2B580600DEF1BF /* rocktempTests.xctest */,
				9BFB6CAF1D2B580600DEF1BF /* rocktempUITests.xctest */,
			);
			name = Products;
			sourceTree = "<group>";
		};
		9BFB6C8D1D2B580600DEF1BF /* rocktemp */ = {
			isa = PBXGroup;
			children = (
				9BFB6C911D2B580600DEF1BF /* AppDelegate.h */,
				9BFB6C921D2B580600DEF1BF /* AppDelegate.m */,
				9BFB6CC41D2B59A500DEF1BF /* OneTableViewController.h */,
				9BFB6CC51D2B59A500DEF1BF /* OneTableViewController.m */,
				9BFB6CC71D2B5ABE00DEF1BF /* UpTableViewCell.h */,
				9BFB6CC81D2B5ABE00DEF1BF /* UpTableViewCell.m */,
				9BFB6CCA1D2B5AC800DEF1BF /* DownTableViewCell.h */,
				9BFB6CCB1D2B5AC800DEF1BF /* DownTableViewCell.m */,
				C016A57F1D2E4B2800CD1807 /* InformationView.h */,
				C016A5801D2E4B2800CD1807 /* InformationView.m */,
				C016A5821D2E4B3B00CD1807 /* InformationView.xib */,
				9BFB6CD51D2B946400DEF1BF /* temp */,
				9BFB6CCD1D2B5C0E00DEF1BF /* MyeeigBuy1.png */,
				9BFB6CCE1D2B5C0E00DEF1BF /* MyeeigBuy2.png */,
				9BFB6CCF1D2B5C0E00DEF1BF /* MyeeigSell1.png */,
				9BFB6CD01D2B5C0E00DEF1BF /* MyeeigSell2.png */,
				9BFB6C971D2B580600DEF1BF /* Main.storyboard */,
				9BFB6C9A1D2B580600DEF1BF /* Assets.xcassets */,
				9BFB6C9C1D2B580600DEF1BF /* LaunchScreen.storyboard */,
				9BFB6C9F1D2B580600DEF1BF /* Info.plist */,
				9BFB6C8E1D2B580600DEF1BF /* Supporting Files */,
			);
			path = rocktemp;
			sourceTree = "<group>";
		};
		9BFB6C8E1D2B580600DEF1BF /* Supporting Files */ = {
			isa = PBXGroup;
			children = (
				9BFB6CDC1D2B948000DEF1BF /* area.plist */,
				9BFB6CDD1D2B948000DEF1BF /* Category.plist */,
				9BFB6C8F1D2B580600DEF1BF /* main.m */,
			);
			name = "Supporting Files";
			sourceTree = "<group>";
		};
		9BFB6CA71D2B580600DEF1BF /* rocktempTests */ = {
			isa = PBXGroup;
			children = (
				9BFB6CA81D2B580600DEF1BF /* rocktempTests.m */,
				9BFB6CAA1D2B580600DEF1BF /* Info.plist */,
			);
			path = rocktempTests;
			sourceTree = "<group>";
		};
		9BFB6CB21D2B580600DEF1BF /* rocktempUITests */ = {
			isa = PBXGroup;
			children = (
				9BFB6CB31D2B580600DEF1BF /* rocktempUITests.m */,
				9BFB6CB51D2B580600DEF1BF /* Info.plist */,
			);
			path = rocktempUITests;
			sourceTree = "<group>";
		};
		9BFB6CD51D2B946400DEF1BF /* temp */ = {
			isa = PBXGroup;
			children = (
				52351B6B1D2F493600905997 /* down@2x.png */,
				52351B6C1D2F493600905997 /* down@3x.png */,
				52351B6D1D2F493600905997 /* up@2x.png */,
				52351B6E1D2F493600905997 /* up@3x.png */,
				52351B681D2F46B200905997 /* UIView+BGFrame.h */,
				52351B691D2F46B200905997 /* UIView+BGFrame.m */,
				52351B5E1D2F469C00905997 /* FilterView.h */,
				52351B5F1D2F469C00905997 /* FilterView.m */,
				52351B601D2F469C00905997 /* FilterView.xib */,
				52351B611D2F469C00905997 /* FilterViewCell.h */,
				52351B621D2F469C00905997 /* FilterViewCell.m */,
				52351B631D2F469C00905997 /* FilterViewCell.xib */,
			);
			path = temp;
			sourceTree = "<group>";
		};
/* End PBXGroup section */

/* Begin PBXNativeTarget section */
		9BFB6C8A1D2B580600DEF1BF /* rocktemp */ = {
			isa = PBXNativeTarget;
			buildConfigurationList = 9BFB6CB81D2B580600DEF1BF /* Build configuration list for PBXNativeTarget "rocktemp" */;
			buildPhases = (
				9BFB6C871D2B580600DEF1BF /* Sources */,
				9BFB6C881D2B580600DEF1BF /* Frameworks */,
				9BFB6C891D2B580600DEF1BF /* Resources */,
			);
			buildRules = (
			);
			dependencies = (
			);
			name = rocktemp;
			productName = rocktemp;
			productReference = 9BFB6C8B1D2B580600DEF1BF /* rocktemp.app */;
			productType = "com.apple.product-type.application";
		};
		9BFB6CA31D2B580600DEF1BF /* rocktempTests */ = {
			isa = PBXNativeTarget;
			buildConfigurationList = 9BFB6CBB1D2B580600DEF1BF /* Build configuration list for PBXNativeTarget "rocktempTests" */;
			buildPhases = (
				9BFB6CA01D2B580600DEF1BF /* Sources */,
				9BFB6CA11D2B580600DEF1BF /* Frameworks */,
				9BFB6CA21D2B580600DEF1BF /* Resources */,
			);
			buildRules = (
			);
			dependencies = (
				9BFB6CA61D2B580600DEF1BF /* PBXTargetDependency */,
			);
			name = rocktempTests;
			productName = rocktempTests;
			productReference = 9BFB6CA41D2B580600DEF1BF /* rocktempTests.xctest */;
			productType = "com.apple.product-type.bundle.unit-test";
		};
		9BFB6CAE1D2B580600DEF1BF /* rocktempUITests */ = {
			isa = PBXNativeTarget;
			buildConfigurationList = 9BFB6CBE1D2B580600DEF1BF /* Build configuration list for PBXNativeTarget "rocktempUITests" */;
			buildPhases = (
				9BFB6CAB1D2B580600DEF1BF /* Sources */,
				9BFB6CAC1D2B580600DEF1BF /* Frameworks */,
				9BFB6CAD1D2B580600DEF1BF /* Resources */,
			);
			buildRules = (
			);
			dependencies = (
				9BFB6CB11D2B580600DEF1BF /* PBXTargetDependency */,
			);
			name = rocktempUITests;
			productName = rocktempUITests;
			productReference = 9BFB6CAF1D2B580600DEF1BF /* rocktempUITests.xctest */;
			productType = "com.apple.product-type.bundle.ui-testing";
		};
/* End PBXNativeTarget section */

/* Begin PBXProject section */
		9BFB6C831D2B580600DEF1BF /* Project object */ = {
			isa = PBXProject;
			attributes = {
				LastUpgradeCheck = 0720;
				ORGANIZATIONNAME = temp;
				TargetAttributes = {
					9BFB6C8A1D2B580600DEF1BF = {
						CreatedOnToolsVersion = 7.2;
					};
					9BFB6CA31D2B580600DEF1BF = {
						CreatedOnToolsVersion = 7.2;
						TestTargetID = 9BFB6C8A1D2B580600DEF1BF;
					};
					9BFB6CAE1D2B580600DEF1BF = {
						CreatedOnToolsVersion = 7.2;
						TestTargetID = 9BFB6C8A1D2B580600DEF1BF;
					};
				};
			};
			buildConfigurationList = 9BFB6C861D2B580600DEF1BF /* Build configuration list for PBXProject "rocktemp" */;
			compatibilityVersion = "Xcode 3.2";
			developmentRegion = English;
			hasScannedForEncodings = 0;
			knownRegions = (
				en,
				Base,
			);
			mainGroup = 9BFB6C821D2B580600DEF1BF;
			productRefGroup = 9BFB6C8C1D2B580600DEF1BF /* Products */;
			projectDirPath = "";
			projectRoot = "";
			targets = (
				9BFB6C8A1D2B580600DEF1BF /* rocktemp */,
				9BFB6CA31D2B580600DEF1BF /* rocktempTests */,
				9BFB6CAE1D2B580600DEF1BF /* rocktempUITests */,
			);
		};
/* End PBXProject section */

/* Begin PBXResourcesBuildPhase section */
		9BFB6C891D2B580600DEF1BF /* Resources */ = {
			isa = PBXResourcesBuildPhase;
			buildActionMask = 2147483647;
			files = (
				9BFB6C9E1D2B580600DEF1BF /* LaunchScreen.storyboard in Resources */,
				52351B671D2F469C00905997 /* FilterViewCell.xib in Resources */,
				9BFB6CDF1D2B948000DEF1BF /* Category.plist in Resources */,
				C016A5831D2E4B3B00CD1807 /* InformationView.xib in Resources */,
				52351B6F1D2F493600905997 /* down@2x.png in Resources */,
				52351B701D2F493600905997 /* down@3x.png in Resources */,
				9BFB6CD31D2B5C0E00DEF1BF /* MyeeigSell1.png in Resources */,
				9BFB6CD21D2B5C0E00DEF1BF /* MyeeigBuy2.png in Resources */,
				52351B721D2F493600905997 /* up@3x.png in Resources */,
				9BFB6CD41D2B5C0E00DEF1BF /* MyeeigSell2.png in Resources */,
				9BFB6C9B1D2B580600DEF1BF /* Assets.xcassets in Resources */,
				52351B711D2F493600905997 /* up@2x.png in Resources */,
				52351B651D2F469C00905997 /* FilterView.xib in Resources */,
				9BFB6CDE1D2B948000DEF1BF /* area.plist in Resources */,
				9BFB6CD11D2B5C0E00DEF1BF /* MyeeigBuy1.png in Resources */,
				9BFB6C991D2B580600DEF1BF /* Main.storyboard in Resources */,
			);
			runOnlyForDeploymentPostprocessing = 0;
		};
		9BFB6CA21D2B580600DEF1BF /* Resources */ = {
			isa = PBXResourcesBuildPhase;
			buildActionMask = 2147483647;
			files = (
			);
			runOnlyForDeploymentPostprocessing = 0;
		};
		9BFB6CAD1D2B580600DEF1BF /* Resources */ = {
			isa = PBXResourcesBuildPhase;
			buildActionMask = 2147483647;
			files = (
			);
			runOnlyForDeploymentPostprocessing = 0;
		};
/* End PBXResourcesBuildPhase section */

/* Begin PBXSourcesBuildPhase section */
		9BFB6C871D2B580600DEF1BF /* Sources */ = {
			isa = PBXSourcesBuildPhase;
			buildActionMask = 2147483647;
			files = (
				52351B6A1D2F46B200905997 /* UIView+BGFrame.m in Sources */,
				9BFB6CC91D2B5ABE00DEF1BF /* UpTableViewCell.m in Sources */,
				9BFB6CC61D2B59A500DEF1BF /* OneTableViewController.m in Sources */,
				9BFB6C931D2B580600DEF1BF /* AppDelegate.m in Sources */,
				C016A5811D2E4B2800CD1807 /* InformationView.m in Sources */,
				9BFB6C901D2B580600DEF1BF /* main.m in Sources */,
				52351B661D2F469C00905997 /* FilterViewCell.m in Sources */,
				9BFB6CCC1D2B5AC800DEF1BF /* DownTableViewCell.m in Sources */,
				52351B641D2F469C00905997 /* FilterView.m in Sources */,
			);
			runOnlyForDeploymentPostprocessing = 0;
		};
		9BFB6CA01D2B580600DEF1BF /* Sources */ = {
			isa = PBXSourcesBuildPhase;
			buildActionMask = 2147483647;
			files = (
				9BFB6CA91D2B580600DEF1BF /* rocktempTests.m in Sources */,
			);
			runOnlyForDeploymentPostprocessing = 0;
		};
		9BFB6CAB1D2B580600DEF1BF /* Sources */ = {
			isa = PBXSourcesBuildPhase;
			buildActionMask = 2147483647;
			files = (
				9BFB6CB41D2B580600DEF1BF /* rocktempUITests.m in Sources */,
			);
			runOnlyForDeploymentPostprocessing = 0;
		};
/* End PBXSourcesBuildPhase section */

/* Begin PBXTargetDependency section */
		9BFB6CA61D2B580600DEF1BF /* PBXTargetDependency */ = {
			isa = PBXTargetDependency;
			target = 9BFB6C8A1D2B580600DEF1BF /* rocktemp */;
			targetProxy = 9BFB6CA51D2B580600DEF1BF /* PBXContainerItemProxy */;
		};
		9BFB6CB11D2B580600DEF1BF /* PBXTargetDependency */ = {
			isa = PBXTargetDependency;
			target = 9BFB6C8A1D2B580600DEF1BF /* rocktemp */;
			targetProxy = 9BFB6CB01D2B580600DEF1BF /* PBXContainerItemProxy */;
		};
/* End PBXTargetDependency section */

/* Begin PBXVariantGroup section */
		9BFB6C971D2B580600DEF1BF /* Main.storyboard */ = {
			isa = PBXVariantGroup;
			children = (
				9BFB6C981D2B580600DEF1BF /* Base */,
			);
			name = Main.storyboard;
			sourceTree = "<group>";
		};
		9BFB6C9C1D2B580600DEF1BF /* LaunchScreen.storyboard */ = {
			isa = PBXVariantGroup;
			children = (
				9BFB6C9D1D2B580600DEF1BF /* Base */,
			);
			name = LaunchScreen.storyboard;
			sourceTree = "<group>";
		};
/* End PBXVariantGroup section */

/* Begin XCBuildConfiguration section */
		9BFB6CB61D2B580600DEF1BF /* Debug */ = {
			isa = XCBuildConfiguration;
			buildSettings = {
				ALWAYS_SEARCH_USER_PATHS = NO;
				CLANG_CXX_LANGUAGE_STANDARD = "gnu++0x";
				CLANG_CXX_LIBRARY = "libc++";
				CLANG_ENABLE_MODULES = YES;
				CLANG_ENABLE_OBJC_ARC = YES;
				CLANG_WARN_BOOL_CONVERSION = YES;
				CLANG_WARN_CONSTANT_CONVERSION = YES;
				CLANG_WARN_DIRECT_OBJC_ISA_USAGE = YES_ERROR;
				CLANG_WARN_EMPTY_BODY = YES;
				CLANG_WARN_ENUM_CONVERSION = YES;
				CLANG_WARN_INT_CONVERSION = YES;
				CLANG_WARN_OBJC_ROOT_CLASS = YES_ERROR;
				CLANG_WARN_UNREACHABLE_CODE = YES;
				CLANG_WARN__DUPLICATE_METHOD_MATCH = YES;
				"CODE_SIGN_IDENTITY[sdk=iphoneos*]" = "iPhone Developer";
				COPY_PHASE_STRIP = NO;
				DEBUG_INFORMATION_FORMAT = dwarf;
				ENABLE_STRICT_OBJC_MSGSEND = YES;
				ENABLE_TESTABILITY = YES;
				GCC_C_LANGUAGE_STANDARD = gnu99;
				GCC_DYNAMIC_NO_PIC = NO;
				GCC_NO_COMMON_BLOCKS = YES;
				GCC_OPTIMIZATION_LEVEL = 0;
				GCC_PREPROCESSOR_DEFINITIONS = (
					"DEBUG=1",
					"$(inherited)",
				);
				GCC_WARN_64_TO_32_BIT_CONVERSION = YES;
				GCC_WARN_ABOUT_RETURN_TYPE = YES_ERROR;
				GCC_WARN_UNDECLARED_SELECTOR = YES;
				GCC_WARN_UNINITIALIZED_AUTOS = YES_AGGRESSIVE;
				GCC_WARN_UNUSED_FUNCTION = YES;
				GCC_WARN_UNUSED_VARIABLE = YES;
				IPHONEOS_DEPLOYMENT_TARGET = 9.3;
				MTL_ENABLE_DEBUG_INFO = YES;
				ONLY_ACTIVE_ARCH = YES;
				SDKROOT = iphoneos;
				TARGETED_DEVICE_FAMILY = "1,2";
			};
			name = Debug;
		};
		9BFB6CB71D2B580600DEF1BF /* Release */ = {
			isa = XCBuildConfiguration;
			buildSettings = {
				ALWAYS_SEARCH_USER_PATHS = NO;
				CLANG_CXX_LANGUAGE_STANDARD = "gnu++0x";
				CLANG_CXX_LIBRARY = "libc++";
				CLANG_ENABLE_MODULES = YES;
				CLANG_ENABLE_OBJC_ARC = YES;
				CLANG_WARN_BOOL_CONVERSION = YES;
				CLANG_WARN_CONSTANT_CONVERSION = YES;
				CLANG_WARN_DIRECT_OBJC_ISA_USAGE = YES_ERROR;
				CLANG_WARN_EMPTY_BODY = YES;
				CLANG_WARN_ENUM_CONVERSION = YES;
				CLANG_WARN_INT_CONVERSION = YES;
				CLANG_WARN_OBJC_ROOT_CLASS = YES_ERROR;
				CLANG_WARN_UNREACHABLE_CODE = YES;
				CLANG_WARN__DUPLICATE_METHOD_MATCH = YES;
				"CODE_SIGN_IDENTITY[sdk=iphoneos*]" = "iPhone Developer";
				COPY_PHASE_STRIP = NO;
				DEBUG_INFORMATION_FORMAT = "dwarf-with-dsym";
				ENABLE_NS_ASSERTIONS = NO;
				ENABLE_STRICT_OBJC_MSGSEND = YES;
				GCC_C_LANGUAGE_STANDARD = gnu99;
				GCC_NO_COMMON_BLOCKS = YES;
				GCC_WARN_64_TO_32_BIT_CONVERSION = YES;
				GCC_WARN_ABOUT_RETURN_TYPE = YES_ERROR;
				GCC_WARN_UNDECLARED_SELECTOR = YES;
				GCC_WARN_UNINITIALIZED_AUTOS = YES_AGGRESSIVE;
				GCC_WARN_UNUSED_FUNCTION = YES;
				GCC_WARN_UNUSED_VARIABLE = YES;
				IPHONEOS_DEPLOYMENT_TARGET = 9.3;
				MTL_ENABLE_DEBUG_INFO = NO;
				SDKROOT = iphoneos;
				TARGETED_DEVICE_FAMILY = "1,2";
				VALIDATE_PRODUCT = YES;
			};
			name = Release;
		};
		9BFB6CB91D2B580600DEF1BF /* Debug */ = {
			isa = XCBuildConfiguration;
			buildSettings = {
				ASSETCATALOG_COMPILER_APPICON_NAME = AppIcon;
				INFOPLIST_FILE = rocktemp/Info.plist;
				IPHONEOS_DEPLOYMENT_TARGET = 9.2;
				LD_RUNPATH_SEARCH_PATHS = "$(inherited) @executable_path/Frameworks";
				PRODUCT_BUNDLE_IDENTIFIER = FBI.www.rocktemp;
				PRODUCT_NAME = "$(TARGET_NAME)";
			};
			name = Debug;
		};
		9BFB6CBA1D2B580600DEF1BF /* Release */ = {
			isa = XCBuildConfiguration;
			buildSettings = {
				ASSETCATALOG_COMPILER_APPICON_NAME = AppIcon;
				INFOPLIST_FILE = rocktemp/Info.plist;
				IPHONEOS_DEPLOYMENT_TARGET = 9.2;
				LD_RUNPATH_SEARCH_PATHS = "$(inherited) @executable_path/Frameworks";
				PRODUCT_BUNDLE_IDENTIFIER = FBI.www.rocktemp;
				PRODUCT_NAME = "$(TARGET_NAME)";
			};
			name = Release;
		};
		9BFB6CBC1D2B580600DEF1BF /* Debug */ = {
			isa = XCBuildConfiguration;
			buildSettings = {
				BUNDLE_LOADER = "$(TEST_HOST)";
				INFOPLIST_FILE = rocktempTests/Info.plist;
				LD_RUNPATH_SEARCH_PATHS = "$(inherited) @executable_path/Frameworks @loader_path/Frameworks";
				PRODUCT_BUNDLE_IDENTIFIER = FBI.www.rocktempTests;
				PRODUCT_NAME = "$(TARGET_NAME)";
				TEST_HOST = "$(BUILT_PRODUCTS_DIR)/rocktemp.app/rocktemp";
			};
			name = Debug;
		};
		9BFB6CBD1D2B580600DEF1BF /* Release */ = {
			isa = XCBuildConfiguration;
			buildSettings = {
				BUNDLE_LOADER = "$(TEST_HOST)";
				INFOPLIST_FILE = rocktempTests/Info.plist;
				LD_RUNPATH_SEARCH_PATHS = "$(inherited) @executable_path/Frameworks @loader_path/Frameworks";
				PRODUCT_BUNDLE_IDENTIFIER = FBI.www.rocktempTests;
				PRODUCT_NAME = "$(TARGET_NAME)";
				TEST_HOST = "$(BUILT_PRODUCTS_DIR)/rocktemp.app/rocktemp";
			};
			name = Release;
		};
		9BFB6CBF1D2B580600DEF1BF /* Debug */ = {
			isa = XCBuildConfiguration;
			buildSettings = {
				INFOPLIST_FILE = rocktempUITests/Info.plist;
				LD_RUNPATH_SEARCH_PATHS = "$(inherited) @executable_path/Frameworks @loader_path/Frameworks";
				PRODUCT_BUNDLE_IDENTIFIER = FBI.www.rocktempUITests;
				PRODUCT_NAME = "$(TARGET_NAME)";
				TEST_TARGET_NAME = rocktemp;
				USES_XCTRUNNER = YES;
			};
			name = Debug;
		};
		9BFB6CC01D2B580600DEF1BF /* Release */ = {
			isa = XCBuildConfiguration;
			buildSettings = {
				INFOPLIST_FILE = rocktempUITests/Info.plist;
				LD_RUNPATH_SEARCH_PATHS = "$(inherited) @executable_path/Frameworks @loader_path/Frameworks";
				PRODUCT_BUNDLE_IDENTIFIER = FBI.www.rocktempUITests;
				PRODUCT_NAME = "$(TARGET_NAME)";
				TEST_TARGET_NAME = rocktemp;
				USES_XCTRUNNER = YES;
			};
			name = Release;
		};
/* End XCBuildConfiguration section */

/* Begin XCConfigurationList section */
		9BFB6C861D2B580600DEF1BF /* Build configuration list for PBXProject "rocktemp" */ = {
			isa = XCConfigurationList;
			buildConfigurations = (
				9BFB6CB61D2B580600DEF1BF /* Debug */,
				9BFB6CB71D2B580600DEF1BF /* Release */,
			);
			defaultConfigurationIsVisible = 0;
			defaultConfigurationName = Release;
		};
		9BFB6CB81D2B580600DEF1BF /* Build configuration list for PBXNativeTarget "rocktemp" */ = {
			isa = XCConfigurationList;
			buildConfigurations = (
				9BFB6CB91D2B580600DEF1BF /* Debug */,
				9BFB6CBA1D2B580600DEF1BF /* Release */,
			);
			defaultConfigurationIsVisible = 0;
			defaultConfigurationName = Release;
		};
		9BFB6CBB1D2B580600DEF1BF /* Build configuration list for PBXNativeTarget "rocktempTests" */ = {
			isa = XCConfigurationList;
			buildConfigurations = (
				9BFB6CBC1D2B580600DEF1BF /* Debug */,
				9BFB6CBD1D2B580600DEF1BF /* Release */,
			);
			defaultConfigurationIsVisible = 0;
			defaultConfigurationName = Release;
		};
		9BFB6CBE1D2B580600DEF1BF /* Build configuration list for PBXNativeTarget "rocktempUITests" */ = {
			isa = XCConfigurationList;
			buildConfigurations = (
				9BFB6CBF1D2B580600DEF1BF /* Debug */,
				9BFB6CC01D2B580600DEF1BF /* Release */,
			);
			defaultConfigurationIsVisible = 0;
			defaultConfigurationName = Release;
		};
/* End XCConfigurationList section */
	};
	rootObject = 9BFB6C831D2B580600DEF1BF /* Project object */;
}
